// !$*UTF8*$!
{
	archiveVersion = 1;
	classes = {
	};
	objectVersion = 56;
	objects = {

/* Begin PBXBuildFile section */
		D65F40002C29B7D300EA220C /* MapView.swift in Sources */ = {isa = PBXBuildFile; fileRef = D65F3FFF2C29B7D300EA220C /* MapView.swift */; };
		D65F40022C29BF6800EA220C /* landmarkData.json in Resources */ = {isa = PBXBuildFile; fileRef = D65F40012C29BF6800EA220C /* landmarkData.json */; };
		D65F40042C29BFA200EA220C /* Landmark.swift in Sources */ = {isa = PBXBuildFile; fileRef = D65F40032C29BFA200EA220C /* Landmark.swift */; };
		D65F401C2C29C33F00EA220C /* ModelData.swift in Sources */ = {isa = PBXBuildFile; fileRef = D65F401B2C29C33F00EA220C /* ModelData.swift */; };
		D65F40222C2A65B700EA220C /* LandmarkRow.swift in Sources */ = {isa = PBXBuildFile; fileRef = D65F40212C2A65B700EA220C /* LandmarkRow.swift */; };
		D69A566A2C29AB250060F4B7 /* LandmarksApp.swift in Sources */ = {isa = PBXBuildFile; fileRef = D69A56692C29AB250060F4B7 /* LandmarksApp.swift */; };
		D69A566C2C29AB250060F4B7 /* ContentView.swift in Sources */ = {isa = PBXBuildFile; fileRef = D69A566B2C29AB250060F4B7 /* ContentView.swift */; };
		D69A566E2C29AB260060F4B7 /* Assets.xcassets in Resources */ = {isa = PBXBuildFile; fileRef = D69A566D2C29AB260060F4B7 /* Assets.xcassets */; };
		D69A56712C29AB260060F4B7 /* Preview Assets.xcassets in Resources */ = {isa = PBXBuildFile; fileRef = D69A56702C29AB260060F4B7 /* Preview Assets.xcassets */; };
		D69A567B2C29AB260060F4B7 /* LandmarksTests.swift in Sources */ = {isa = PBXBuildFile; fileRef = D69A567A2C29AB260060F4B7 /* LandmarksTests.swift */; };
		D69A56852C29AB260060F4B7 /* LandmarksUITests.swift in Sources */ = {isa = PBXBuildFile; fileRef = D69A56842C29AB260060F4B7 /* LandmarksUITests.swift */; };
		D69A56872C29AB260060F4B7 /* LandmarksUITestsLaunchTests.swift in Sources */ = {isa = PBXBuildFile; fileRef = D69A56862C29AB260060F4B7 /* LandmarksUITestsLaunchTests.swift */; };
		D69A56962C29B24B0060F4B7 /* CircleImage.swift in Sources */ = {isa = PBXBuildFile; fileRef = D69A56952C29B24B0060F4B7 /* CircleImage.swift */; };
		D6FF2BBB2C323D1500D706BD /* LandmarkList.swift in Sources */ = {isa = PBXBuildFile; fileRef = D6FF2BBA2C323D1500D706BD /* LandmarkList.swift */; };
/* End PBXBuildFile section */

/* Begin PBXContainerItemProxy section */
		D69A56772C29AB260060F4B7 /* PBXContainerItemProxy */ = {
			isa = PBXContainerItemProxy;
			containerPortal = D69A565E2C29AB250060F4B7 /* Project object */;
			proxyType = 1;
			remoteGlobalIDString = D69A56652C29AB250060F4B7;
			remoteInfo = Landmarks;
		};
		D69A56812C29AB260060F4B7 /* PBXContainerItemProxy */ = {
			isa = PBXContainerItemProxy;
			containerPortal = D69A565E2C29AB250060F4B7 /* Project object */;
			proxyType = 1;
			remoteGlobalIDString = D69A56652C29AB250060F4B7;
			remoteInfo = Landmarks;
		};
/* End PBXContainerItemProxy section */

/* Begin PBXFileReference section */
		D65F3FFF2C29B7D300EA220C /* MapView.swift */ = {isa = PBXFileReference; lastKnownFileType = sourcecode.swift; path = MapView.swift; sourceTree = "<group>"; };
		D65F40012C29BF6800EA220C /* landmarkData.json */ = {isa = PBXFileReference; fileEncoding = 4; lastKnownFileType = text.json; path = landmarkData.json; sourceTree = "<group>"; };
		D65F40032C29BFA200EA220C /* Landmark.swift */ = {isa = PBXFileReference; lastKnownFileType = sourcecode.swift; path = Landmark.swift; sourceTree = "<group>"; };
		D65F401B2C29C33F00EA220C /* ModelData.swift */ = {isa = PBXFileReference; lastKnownFileType = sourcecode.swift; path = ModelData.swift; sourceTree = "<group>"; };
		D65F40212C2A65B700EA220C /* LandmarkRow.swift */ = {isa = PBXFileReference; lastKnownFileType = sourcecode.swift; name = LandmarkRow.swift; path = Landmarks/Resources/LandmarkRow.swift; sourceTree = SOURCE_ROOT; };
		D69A56662C29AB250060F4B7 /* Landmarks.app */ = {isa = PBXFileReference; explicitFileType = wrapper.application; includeInIndex = 0; path = Landmarks.app; sourceTree = BUILT_PRODUCTS_DIR; };
		D69A56692C29AB250060F4B7 /* LandmarksApp.swift */ = {isa = PBXFileReference; lastKnownFileType = sourcecode.swift; path = LandmarksApp.swift; sourceTree = "<group>"; };
		D69A566B2C29AB250060F4B7 /* ContentView.swift */ = {isa = PBXFileReference; lastKnownFileType = sourcecode.swift; path = ContentView.swift; sourceTree = "<group>"; };
		D69A566D2C29AB260060F4B7 /* Assets.xcassets */ = {isa = PBXFileReference; lastKnownFileType = folder.assetcatalog; path = Assets.xcassets; sourceTree = "<group>"; };
		D69A56702C29AB260060F4B7 /* Preview Assets.xcassets */ = {isa = PBXFileReference; lastKnownFileType = folder.assetcatalog; path = "Preview Assets.xcassets"; sourceTree = "<group>"; };
		D69A56762C29AB260060F4B7 /* LandmarksTests.xctest */ = {isa = PBXFileReference; explicitFileType = wrapper.cfbundle; includeInIndex = 0; path = LandmarksTests.xctest; sourceTree = BUILT_PRODUCTS_DIR; };
		D69A567A2C29AB260060F4B7 /* LandmarksTests.swift */ = {isa = PBXFileReference; lastKnownFileType = sourcecode.swift; path = LandmarksTests.swift; sourceTree = "<group>"; };
		D69A56802C29AB260060F4B7 /* LandmarksUITests.xctest */ = {isa = PBXFileReference; explicitFileType = wrapper.cfbundle; includeInIndex = 0; path = LandmarksUITests.xctest; sourceTree = BUILT_PRODUCTS_DIR; };
		D69A56842C29AB260060F4B7 /* LandmarksUITests.swift */ = {isa = PBXFileReference; lastKnownFileType = sourcecode.swift; path = LandmarksUITests.swift; sourceTree = "<group>"; };
		D69A56862C29AB260060F4B7 /* LandmarksUITestsLaunchTests.swift */ = {isa = PBXFileReference; lastKnownFileType = sourcecode.swift; path = LandmarksUITestsLaunchTests.swift; sourceTree = "<group>"; };
		D69A56952C29B24B0060F4B7 /* CircleImage.swift */ = {isa = PBXFileReference; lastKnownFileType = sourcecode.swift; path = CircleImage.swift; sourceTree = "<group>"; };
		D6FF2BBA2C323D1500D706BD /* LandmarkList.swift */ = {isa = PBXFileReference; lastKnownFileType = sourcecode.swift; path = LandmarkList.swift; sourceTree = "<group>"; };
/* End PBXFileReference section */

/* Begin PBXFrameworksBuildPhase section */
		D69A56632C29AB250060F4B7 /* Frameworks */ = {
			isa = PBXFrameworksBuildPhase;
			buildActionMask = 2147483647;
			files = (
			);
			runOnlyForDeploymentPostprocessing = 0;
		};
		D69A56732C29AB260060F4B7 /* Frameworks */ = {
			isa = PBXFrameworksBuildPhase;
			buildActionMask = 2147483647;
			files = (
			);
			runOnlyForDeploymentPostprocessing = 0;
		};
		D69A567D2C29AB260060F4B7 /* Frameworks */ = {
			isa = PBXFrameworksBuildPhase;
			buildActionMask = 2147483647;
			files = (
			);
			runOnlyForDeploymentPostprocessing = 0;
		};
/* End PBXFrameworksBuildPhase section */

/* Begin PBXGroup section */
		D65F401E2C2A607E00EA220C /* Views */ = {
			isa = PBXGroup;
			children = (
				D65F40212C2A65B700EA220C /* LandmarkRow.swift */,
				D6FF2BBA2C323D1500D706BD /* LandmarkList.swift */,
				D65F3FFF2C29B7D300EA220C /* MapView.swift */,
				D69A566B2C29AB250060F4B7 /* ContentView.swift */,
				D69A56952C29B24B0060F4B7 /* CircleImage.swift */,
			);
			path = Views;
			sourceTree = "<group>";
		};
		D65F401F2C2A60A000EA220C /* Model */ = {
			isa = PBXGroup;
			children = (
				D65F40032C29BFA200EA220C /* Landmark.swift */,
				D65F401B2C29C33F00EA220C /* ModelData.swift */,
			);
			path = Model;
			sourceTree = "<group>";
		};
		D65F40202C2A60D100EA220C /* Resources */ = {
			isa = PBXGroup;
			children = (
				D65F40012C29BF6800EA220C /* landmarkData.json */,
			);
			path = Resources;
			sourceTree = "<group>";
		};
		D69A565D2C29AB250060F4B7 = {
			isa = PBXGroup;
			children = (
				D69A56682C29AB250060F4B7 /* Landmarks */,
				D69A56792C29AB260060F4B7 /* LandmarksTests */,
				D69A56832C29AB260060F4B7 /* LandmarksUITests */,
				D69A56672C29AB250060F4B7 /* Products */,
			);
			sourceTree = "<group>";
		};
		D69A56672C29AB250060F4B7 /* Products */ = {
			isa = PBXGroup;
			children = (
				D69A56662C29AB250060F4B7 /* Landmarks.app */,
				D69A56762C29AB260060F4B7 /* LandmarksTests.xctest */,
				D69A56802C29AB260060F4B7 /* LandmarksUITests.xctest */,
			);
			name = Products;
			sourceTree = "<group>";
		};
		D69A56682C29AB250060F4B7 /* Landmarks */ = {
			isa = PBXGroup;
			children = (
				D65F40202C2A60D100EA220C /* Resources */,
				D69A56692C29AB250060F4B7 /* LandmarksApp.swift */,
				D65F401E2C2A607E00EA220C /* Views */,
				D69A566D2C29AB260060F4B7 /* Assets.xcassets */,
				D65F401F2C2A60A000EA220C /* Model */,
				D69A566F2C29AB260060F4B7 /* Preview Content */,
			);
			path = Landmarks;
			sourceTree = "<group>";
		};
		D69A566F2C29AB260060F4B7 /* Preview Content */ = {
			isa = PBXGroup;
			children = (
				D69A56702C29AB260060F4B7 /* Preview Assets.xcassets */,
			);
			path = "Preview Content";
			sourceTree = "<group>";
		};
		D69A56792C29AB260060F4B7 /* LandmarksTests */ = {
			isa = PBXGroup;
			children = (
				D69A567A2C29AB260060F4B7 /* LandmarksTests.swift */,
			);
			path = LandmarksTests;
			sourceTree = "<group>";
		};
		D69A56832C29AB260060F4B7 /* LandmarksUITests */ = {
			isa = PBXGroup;
			children = (
				D69A56842C29AB260060F4B7 /* LandmarksUITests.swift */,
				D69A56862C29AB260060F4B7 /* LandmarksUITestsLaunchTests.swift */,
			);
			path = LandmarksUITests;
			sourceTree = "<group>";
		};
/* End PBXGroup section */

/* Begin PBXNativeTarget section */
		D69A56652C29AB250060F4B7 /* Landmarks */ = {
			isa = PBXNativeTarget;
			buildConfigurationList = D69A568A2C29AB260060F4B7 /* Build configuration list for PBXNativeTarget "Landmarks" */;
			buildPhases = (
				D69A56622C29AB250060F4B7 /* Sources */,
				D69A56632C29AB250060F4B7 /* Frameworks */,
				D69A56642C29AB250060F4B7 /* Resources */,
			);
			buildRules = (
			);
			dependencies = (
			);
			name = Landmarks;
			productName = Landmarks;
			productReference = D69A56662C29AB250060F4B7 /* Landmarks.app */;
			productType = "com.apple.product-type.application";
		};
		D69A56752C29AB260060F4B7 /* LandmarksTests */ = {
			isa = PBXNativeTarget;
			buildConfigurationList = D69A568D2C29AB260060F4B7 /* Build configuration list for PBXNativeTarget "LandmarksTests" */;
			buildPhases = (
				D69A56722C29AB260060F4B7 /* Sources */,
				D69A56732C29AB260060F4B7 /* Frameworks */,
				D69A56742C29AB260060F4B7 /* Resources */,
			);
			buildRules = (
			);
			dependencies = (
				D69A56782C29AB260060F4B7 /* PBXTargetDependency */,
			);
			name = LandmarksTests;
			productName = LandmarksTests;
			productReference = D69A56762C29AB260060F4B7 /* LandmarksTests.xctest */;
			productType = "com.apple.product-type.bundle.unit-test";
		};
		D69A567F2C29AB260060F4B7 /* LandmarksUITests */ = {
			isa = PBXNativeTarget;
			buildConfigurationList = D69A56902C29AB260060F4B7 /* Build configuration list for PBXNativeTarget "LandmarksUITests" */;
			buildPhases = (
				D69A567C2C29AB260060F4B7 /* Sources */,
				D69A567D2C29AB260060F4B7 /* Frameworks */,
				D69A567E2C29AB260060F4B7 /* Resources */,
			);
			buildRules = (
			);
			dependencies = (
				D69A56822C29AB260060F4B7 /* PBXTargetDependency */,
			);
			name = LandmarksUITests;
			productName = LandmarksUITests;
			productReference = D69A56802C29AB260060F4B7 /* LandmarksUITests.xctest */;
			productType = "com.apple.product-type.bundle.ui-testing";
		};
/* End PBXNativeTarget section */

/* Begin PBXProject section */
		D69A565E2C29AB250060F4B7 /* Project object */ = {
			isa = PBXProject;
			attributes = {
				BuildIndependentTargetsInParallel = 1;
				LastSwiftUpdateCheck = 1520;
				LastUpgradeCheck = 1520;
				TargetAttributes = {
					D69A56652C29AB250060F4B7 = {
						CreatedOnToolsVersion = 15.2;
					};
					D69A56752C29AB260060F4B7 = {
						CreatedOnToolsVersion = 15.2;
						TestTargetID = D69A56652C29AB250060F4B7;
					};
					D69A567F2C29AB260060F4B7 = {
						CreatedOnToolsVersion = 15.2;
						TestTargetID = D69A56652C29AB250060F4B7;
					};
				};
			};
			buildConfigurationList = D69A56612C29AB250060F4B7 /* Build configuration list for PBXProject "Landmarks" */;
			compatibilityVersion = "Xcode 14.0";
			developmentRegion = en;
			hasScannedForEncodings = 0;
			knownRegions = (
				en,
				Base,
			);
			mainGroup = D69A565D2C29AB250060F4B7;
			productRefGroup = D69A56672C29AB250060F4B7 /* Products */;
			projectDirPath = "";
			projectRoot = "";
			targets = (
				D69A56652C29AB250060F4B7 /* Landmarks */,
				D69A56752C29AB260060F4B7 /* LandmarksTests */,
				D69A567F2C29AB260060F4B7 /* LandmarksUITests */,
			);
		};
/* End PBXProject section */

/* Begin PBXResourcesBuildPhase section */
		D69A56642C29AB250060F4B7 /* Resources */ = {
			isa = PBXResourcesBuildPhase;
			buildActionMask = 2147483647;
			files = (
				D69A56712C29AB260060F4B7 /* Preview Assets.xcassets in Resources */,
				D69A566E2C29AB260060F4B7 /* Assets.xcassets in Resources */,
				D65F40022C29BF6800EA220C /* landmarkData.json in Resources */,
			);
			runOnlyForDeploymentPostprocessing = 0;
		};
		D69A56742C29AB260060F4B7 /* Resources */ = {
			isa = PBXResourcesBuildPhase;
			buildActionMask = 2147483647;
			files = (
			);
			runOnlyForDeploymentPostprocessing = 0;
		};
		D69A567E2C29AB260060F4B7 /* Resources */ = {
			isa = PBXResourcesBuildPhase;
			buildActionMask = 2147483647;
			files = (
			);
			runOnlyForDeploymentPostprocessing = 0;
		};
/* End PBXResourcesBuildPhase section */

/* Begin PBXSourcesBuildPhase section */
		D69A56622C29AB250060F4B7 /* Sources */ = {
			isa = PBXSourcesBuildPhase;
			buildActionMask = 2147483647;
			files = (
				D69A566C2C29AB250060F4B7 /* ContentView.swift in Sources */,
				D65F40002C29B7D300EA220C /* MapView.swift in Sources */,
				D69A566A2C29AB250060F4B7 /* LandmarksApp.swift in Sources */,
				D6FF2BBB2C323D1500D706BD /* LandmarkList.swift in Sources */,
				D69A56962C29B24B0060F4B7 /* CircleImage.swift in Sources */,
				D65F40042C29BFA200EA220C /* Landmark.swift in Sources */,
				D65F40222C2A65B700EA220C /* LandmarkRow.swift in Sources */,
				D65F401C2C29C33F00EA220C /* ModelData.swift in Sources */,
			);
			runOnlyForDeploymentPostprocessing = 0;
		};
		D69A56722C29AB260060F4B7 /* Sources */ = {
			isa = PBXSourcesBuildPhase;
			buildActionMask = 2147483647;
			files = (
				D69A567B2C29AB260060F4B7 /* LandmarksTests.swift in Sources */,
			);
			runOnlyForDeploymentPostprocessing = 0;
		};
		D69A567C2C29AB260060F4B7 /* Sources */ = {
			isa = PBXSourcesBuildPhase;
			buildActionMask = 2147483647;
			files = (
				D69A56872C29AB260060F4B7 /* LandmarksUITestsLaunchTests.swift in Sources */,
				D69A56852C29AB260060F4B7 /* LandmarksUITests.swift in Sources */,
			);
			runOnlyForDeploymentPostprocessing = 0;
		};
/* End PBXSourcesBuildPhase section */

/* Begin PBXTargetDependency section */
		D69A56782C29AB260060F4B7 /* PBXTargetDependency */ = {
			isa = PBXTargetDependency;
			target = D69A56652C29AB250060F4B7 /* Landmarks */;
			targetProxy = D69A56772C29AB260060F4B7 /* PBXContainerItemProxy */;
		};
		D69A56822C29AB260060F4B7 /* PBXTargetDependency */ = {
			isa = PBXTargetDependency;
			target = D69A56652C29AB250060F4B7 /* Landmarks */;
			targetProxy = D69A56812C29AB260060F4B7 /* PBXContainerItemProxy */;
		};
/* End PBXTargetDependency section */

/* Begin XCBuildConfiguration section */
		D69A56882C29AB260060F4B7 /* Debug */ = {
			isa = XCBuildConfiguration;
			buildSettings = {
				ALWAYS_SEARCH_USER_PATHS = NO;
				ASSETCATALOG_COMPILER_GENERATE_SWIFT_ASSET_SYMBOL_EXTENSIONS = YES;
				CLANG_ANALYZER_NONNULL = YES;
				CLANG_ANALYZER_NUMBER_OBJECT_CONVERSION = YES_AGGRESSIVE;
				CLANG_CXX_LANGUAGE_STANDARD = "gnu++20";
				CLANG_ENABLE_MODULES = YES;
				CLANG_ENABLE_OBJC_ARC = YES;
				CLANG_ENABLE_OBJC_WEAK = YES;
				CLANG_WARN_BLOCK_CAPTURE_AUTORELEASING = YES;
				CLANG_WARN_BOOL_CONVERSION = YES;
				CLANG_WARN_COMMA = YES;
				CLANG_WARN_CONSTANT_CONVERSION = YES;
				CLANG_WARN_DEPRECATED_OBJC_IMPLEMENTATIONS = YES;
				CLANG_WARN_DIRECT_OBJC_ISA_USAGE = YES_ERROR;
				CLANG_WARN_DOCUMENTATION_COMMENTS = YES;
				CLANG_WARN_EMPTY_BODY = YES;
				CLANG_WARN_ENUM_CONVERSION = YES;
				CLANG_WARN_INFINITE_RECURSION = YES;
				CLANG_WARN_INT_CONVERSION = YES;
				CLANG_WARN_NON_LITERAL_NULL_CONVERSION = YES;
				CLANG_WARN_OBJC_IMPLICIT_RETAIN_SELF = YES;
				CLANG_WARN_OBJC_LITERAL_CONVERSION = YES;
				CLANG_WARN_OBJC_ROOT_CLASS = YES_ERROR;
				CLANG_WARN_QUOTED_INCLUDE_IN_FRAMEWORK_HEADER = YES;
				CLANG_WARN_RANGE_LOOP_ANALYSIS = YES;
				CLANG_WARN_STRICT_PROTOTYPES = YES;
				CLANG_WARN_SUSPICIOUS_MOVE = YES;
				CLANG_WARN_UNGUARDED_AVAILABILITY = YES_AGGRESSIVE;
				CLANG_WARN_UNREACHABLE_CODE = YES;
				CLANG_WARN__DUPLICATE_METHOD_MATCH = YES;
				COPY_PHASE_STRIP = NO;
				DEBUG_INFORMATION_FORMAT = dwarf;
				ENABLE_STRICT_OBJC_MSGSEND = YES;
				ENABLE_TESTABILITY = YES;
				ENABLE_USER_SCRIPT_SANDBOXING = YES;
				GCC_C_LANGUAGE_STANDARD = gnu17;
				GCC_DYNAMIC_NO_PIC = NO;
				GCC_NO_COMMON_BLOCKS = YES;
				GCC_OPTIMIZATION_LEVEL = 0;
				GCC_PREPROCESSOR_DEFINITIONS = (
					"DEBUG=1",
					"$(inherited)",
				);
				GCC_WARN_64_TO_32_BIT_CONVERSION = YES;
				GCC_WARN_ABOUT_RETURN_TYPE = YES_ERROR;
				GCC_WARN_UNDECLARED_SELECTOR = YES;
				GCC_WARN_UNINITIALIZED_AUTOS = YES_AGGRESSIVE;
				GCC_WARN_UNUSED_FUNCTION = YES;
				GCC_WARN_UNUSED_VARIABLE = YES;
				IPHONEOS_DEPLOYMENT_TARGET = 17.2;
				LOCALIZATION_PREFERS_STRING_CATALOGS = YES;
				MTL_ENABLE_DEBUG_INFO = INCLUDE_SOURCE;
				MTL_FAST_MATH = YES;
				ONLY_ACTIVE_ARCH = YES;
				SDKROOT = iphoneos;
				SWIFT_ACTIVE_COMPILATION_CONDITIONS = "DEBUG $(inherited)";
				SWIFT_OPTIMIZATION_LEVEL = "-Onone";
			};
			name = Debug;
		};
		D69A56892C29AB260060F4B7 /* Release */ = {
			isa = XCBuildConfiguration;
			buildSettings = {
				ALWAYS_SEARCH_USER_PATHS = NO;
				ASSETCATALOG_COMPILER_GENERATE_SWIFT_ASSET_SYMBOL_EXTENSIONS = YES;
				CLANG_ANALYZER_NONNULL = YES;
				CLANG_ANALYZER_NUMBER_OBJECT_CONVERSION = YES_AGGRESSIVE;
				CLANG_CXX_LANGUAGE_STANDARD = "gnu++20";
				CLANG_ENABLE_MODULES = YES;
				CLANG_ENABLE_OBJC_ARC = YES;
				CLANG_ENABLE_OBJC_WEAK = YES;
				CLANG_WARN_BLOCK_CAPTURE_AUTORELEASING = YES;
				CLANG_WARN_BOOL_CONVERSION = YES;
				CLANG_WARN_COMMA = YES;
				CLANG_WARN_CONSTANT_CONVERSION = YES;
				CLANG_WARN_DEPRECATED_OBJC_IMPLEMENTATIONS = YES;
				CLANG_WARN_DIRECT_OBJC_ISA_USAGE = YES_ERROR;
				CLANG_WARN_DOCUMENTATION_COMMENTS = YES;
				CLANG_WARN_EMPTY_BODY = YES;
				CLANG_WARN_ENUM_CONVERSION = YES;
				CLANG_WARN_INFINITE_RECURSION = YES;
				CLANG_WARN_INT_CONVERSION = YES;
				CLANG_WARN_NON_LITERAL_NULL_CONVERSION = YES;
				CLANG_WARN_OBJC_IMPLICIT_RETAIN_SELF = YES;
				CLANG_WARN_OBJC_LITERAL_CONVERSION = YES;
				CLANG_WARN_OBJC_ROOT_CLASS = YES_ERROR;
				CLANG_WARN_QUOTED_INCLUDE_IN_FRAMEWORK_HEADER = YES;
				CLANG_WARN_RANGE_LOOP_ANALYSIS = YES;
				CLANG_WARN_STRICT_PROTOTYPES = YES;
				CLANG_WARN_SUSPICIOUS_MOVE = YES;
				CLANG_WARN_UNGUARDED_AVAILABILITY = YES_AGGRESSIVE;
				CLANG_WARN_UNREACHABLE_CODE = YES;
				CLANG_WARN__DUPLICATE_METHOD_MATCH = YES;
				COPY_PHASE_STRIP = NO;
				DEBUG_INFORMATION_FORMAT = "dwarf-with-dsym";
				ENABLE_NS_ASSERTIONS = NO;
				ENABLE_STRICT_OBJC_MSGSEND = YES;
				ENABLE_USER_SCRIPT_SANDBOXING = YES;
				GCC_C_LANGUAGE_STANDARD = gnu17;
				GCC_NO_COMMON_BLOCKS = YES;
				GCC_WARN_64_TO_32_BIT_CONVERSION = YES;
				GCC_WARN_ABOUT_RETURN_TYPE = YES_ERROR;
				GCC_WARN_UNDECLARED_SELECTOR = YES;
				GCC_WARN_UNINITIALIZED_AUTOS = YES_AGGRESSIVE;
				GCC_WARN_UNUSED_FUNCTION = YES;
				GCC_WARN_UNUSED_VARIABLE = YES;
				IPHONEOS_DEPLOYMENT_TARGET = 17.2;
				LOCALIZATION_PREFERS_STRING_CATALOGS = YES;
				MTL_ENABLE_DEBUG_INFO = NO;
				MTL_FAST_MATH = YES;
				SDKROOT = iphoneos;
				SWIFT_COMPILATION_MODE = wholemodule;
				VALIDATE_PRODUCT = YES;
			};
			name = Release;
		};
		D69A568B2C29AB260060F4B7 /* Debug */ = {
			isa = XCBuildConfiguration;
			buildSettings = {
				ASSETCATALOG_COMPILER_APPICON_NAME = AppIcon;
				ASSETCATALOG_COMPILER_GLOBAL_ACCENT_COLOR_NAME = AccentColor;
				CODE_SIGN_STYLE = Automatic;
				CURRENT_PROJECT_VERSION = 1;
				DEVELOPMENT_ASSET_PATHS = "\"Landmarks/Preview Content\"";
				ENABLE_PREVIEWS = YES;
				GENERATE_INFOPLIST_FILE = YES;
				INFOPLIST_KEY_UIApplicationSceneManifest_Generation = YES;
				INFOPLIST_KEY_UIApplicationSupportsIndirectInputEvents = YES;
				INFOPLIST_KEY_UILaunchScreen_Generation = YES;
				INFOPLIST_KEY_UISupportedInterfaceOrientations_iPad = "UIInterfaceOrientationPortrait UIInterfaceOrientationPortraitUpsideDown UIInterfaceOrientationLandscapeLeft UIInterfaceOrientationLandscapeRight";
				INFOPLIST_KEY_UISupportedInterfaceOrientations_iPhone = "UIInterfaceOrientationPortrait UIInterfaceOrientationLandscapeLeft UIInterfaceOrientationLandscapeRight";
				LD_RUNPATH_SEARCH_PATHS = (
					"$(inherited)",
					"@executable_path/Frameworks",
				);
				MARKETING_VERSION = 1.0;
				PRODUCT_BUNDLE_IDENTIFIER = Omelette.Landmarks;
				PRODUCT_NAME = "$(TARGET_NAME)";
				SWIFT_EMIT_LOC_STRINGS = YES;
				SWIFT_VERSION = 5.0;
				TARGETED_DEVICE_FAMILY = "1,2";
			};
			name = Debug;
		};
		D69A568C2C29AB260060F4B7 /* Release */ = {
			isa = XCBuildConfiguration;
			buildSettings = {
				ASSETCATALOG_COMPILER_APPICON_NAME = AppIcon;
				ASSETCATALOG_COMPILER_GLOBAL_ACCENT_COLOR_NAME = AccentColor;
				CODE_SIGN_STYLE = Automatic;
				CURRENT_PROJECT_VERSION = 1;
				DEVELOPMENT_ASSET_PATHS = "\"Landmarks/Preview Content\"";
				ENABLE_PREVIEWS = YES;
				GENERATE_INFOPLIST_FILE = YES;
				INFOPLIST_KEY_UIApplicationSceneManifest_Generation = YES;
				INFOPLIST_KEY_UIApplicationSupportsIndirectInputEvents = YES;
				INFOPLIST_KEY_UILaunchScreen_Generation = YES;
				INFOPLIST_KEY_UISupportedInterfaceOrientations_iPad = "UIInterfaceOrientationPortrait UIInterfaceOrientationPortraitUpsideDown UIInterfaceOrientationLandscapeLeft UIInterfaceOrientationLandscapeRight";
				INFOPLIST_KEY_UISupportedInterfaceOrientations_iPhone = "UIInterfaceOrientationPortrait UIInterfaceOrientationLandscapeLeft UIInterfaceOrientationLandscapeRight";
				LD_RUNPATH_SEARCH_PATHS = (
					"$(inherited)",
					"@executable_path/Frameworks",
				);
				MARKETING_VERSION = 1.0;
				PRODUCT_BUNDLE_IDENTIFIER = Omelette.Landmarks;
				PRODUCT_NAME = "$(TARGET_NAME)";
				SWIFT_EMIT_LOC_STRINGS = YES;
				SWIFT_VERSION = 5.0;
				TARGETED_DEVICE_FAMILY = "1,2";
			};
			name = Release;
		};
		D69A568E2C29AB260060F4B7 /* Debug */ = {
			isa = XCBuildConfiguration;
			buildSettings = {
				ALWAYS_EMBED_SWIFT_STANDARD_LIBRARIES = YES;
				BUNDLE_LOADER = "$(TEST_HOST)";
				CODE_SIGN_STYLE = Automatic;
				CURRENT_PROJECT_VERSION = 1;
				GENERATE_INFOPLIST_FILE = YES;
				IPHONEOS_DEPLOYMENT_TARGET = 17.2;
				MARKETING_VERSION = 1.0;
				PRODUCT_BUNDLE_IDENTIFIER = Omelette.LandmarksTests;
				PRODUCT_NAME = "$(TARGET_NAME)";
				SWIFT_EMIT_LOC_STRINGS = NO;
				SWIFT_VERSION = 5.0;
				TARGETED_DEVICE_FAMILY = "1,2";
				TEST_HOST = "$(BUILT_PRODUCTS_DIR)/Landmarks.app/$(BUNDLE_EXECUTABLE_FOLDER_PATH)/Landmarks";
			};
			name = Debug;
		};
		D69A568F2C29AB260060F4B7 /* Release */ = {
			isa = XCBuildConfiguration;
			buildSettings = {
				ALWAYS_EMBED_SWIFT_STANDARD_LIBRARIES = YES;
				BUNDLE_LOADER = "$(TEST_HOST)";
				CODE_SIGN_STYLE = Automatic;
				CURRENT_PROJECT_VERSION = 1;
				GENERATE_INFOPLIST_FILE = YES;
				IPHONEOS_DEPLOYMENT_TARGET = 17.2;
				MARKETING_VERSION = 1.0;
				PRODUCT_BUNDLE_IDENTIFIER = Omelette.LandmarksTests;
				PRODUCT_NAME = "$(TARGET_NAME)";
				SWIFT_EMIT_LOC_STRINGS = NO;
				SWIFT_VERSION = 5.0;
				TARGETED_DEVICE_FAMILY = "1,2";
				TEST_HOST = "$(BUILT_PRODUCTS_DIR)/Landmarks.app/$(BUNDLE_EXECUTABLE_FOLDER_PATH)/Landmarks";
			};
			name = Release;
		};
		D69A56912C29AB260060F4B7 /* Debug */ = {
			isa = XCBuildConfiguration;
			buildSettings = {
				ALWAYS_EMBED_SWIFT_STANDARD_LIBRARIES = YES;
				CODE_SIGN_STYLE = Automatic;
				CURRENT_PROJECT_VERSION = 1;
				GENERATE_INFOPLIST_FILE = YES;
				MARKETING_VERSION = 1.0;
				PRODUCT_BUNDLE_IDENTIFIER = Omelette.LandmarksUITests;
				PRODUCT_NAME = "$(TARGET_NAME)";
				SWIFT_EMIT_LOC_STRINGS = NO;
				SWIFT_VERSION = 5.0;
				TARGETED_DEVICE_FAMILY = "1,2";
				TEST_TARGET_NAME = Landmarks;
			};
			name = Debug;
		};
		D69A56922C29AB260060F4B7 /* Release */ = {
			isa = XCBuildConfiguration;
			buildSettings = {
				ALWAYS_EMBED_SWIFT_STANDARD_LIBRARIES = YES;
				CODE_SIGN_STYLE = Automatic;
				CURRENT_PROJECT_VERSION = 1;
				GENERATE_INFOPLIST_FILE = YES;
				MARKETING_VERSION = 1.0;
				PRODUCT_BUNDLE_IDENTIFIER = Omelette.LandmarksUITests;
				PRODUCT_NAME = "$(TARGET_NAME)";
				SWIFT_EMIT_LOC_STRINGS = NO;
				SWIFT_VERSION = 5.0;
				TARGETED_DEVICE_FAMILY = "1,2";
				TEST_TARGET_NAME = Landmarks;
			};
			name = Release;
		};
/* End XCBuildConfiguration section */

/* Begin XCConfigurationList section */
		D69A56612C29AB250060F4B7 /* Build configuration list for PBXProject "Landmarks" */ = {
			isa = XCConfigurationList;
			buildConfigurations = (
				D69A56882C29AB260060F4B7 /* Debug */,
				D69A56892C29AB260060F4B7 /* Release */,
			);
			defaultConfigurationIsVisible = 0;
			defaultConfigurationName = Release;
		};
		D69A568A2C29AB260060F4B7 /* Build configuration list for PBXNativeTarget "Landmarks" */ = {
			isa = XCConfigurationList;
			buildConfigurations = (
				D69A568B2C29AB260060F4B7 /* Debug */,
				D69A568C2C29AB260060F4B7 /* Release */,
			);
			defaultConfigurationIsVisible = 0;
			defaultConfigurationName = Release;
		};
		D69A568D2C29AB260060F4B7 /* Build configuration list for PBXNativeTarget "LandmarksTests" */ = {
			isa = XCConfigurationList;
			buildConfigurations = (
				D69A568E2C29AB260060F4B7 /* Debug */,
				D69A568F2C29AB260060F4B7 /* Release */,
			);
			defaultConfigurationIsVisible = 0;
			defaultConfigurationName = Release;
		};
		D69A56902C29AB260060F4B7 /* Build configuration list for PBXNativeTarget "LandmarksUITests" */ = {
			isa = XCConfigurationList;
			buildConfigurations = (
				D69A56912C29AB260060F4B7 /* Debug */,
				D69A56922C29AB260060F4B7 /* Release */,
			);
			defaultConfigurationIsVisible = 0;
			defaultConfigurationName = Release;
		};
/* End XCConfigurationList section */
	};
	rootObject = D69A565E2C29AB250060F4B7 /* Project object */;
}
